
Microsoft Visual Studio Solution File, Format Version 12.00
# Visual Studio Version 17
VisualStudioVersion = 17.3.32804.467
MinimumVisualStudioVersion = 10.0.40219.1
Project("{FAE04EC0-301F-11D3-BF4B-00C04F79EFBC}") = "ShoppingForm", "ShoppingForm.csproj", "{6F4F92DC-6DD3-453E-8067-3384EC67D939}"
EndProject
Global
	GlobalSection(SolutionConfigurationPlatforms) = preSolution
		Debug|Any CPU = Debug|Any CPU
		Release|Any CPU = Release|Any CPU
	EndGlobalSection
	GlobalSection(ProjectConfigurationPlatforms) = postSolution
		{6F4F92DC-6DD3-453E-8067-3384EC67D939}.Debug|Any CPU.ActiveCfg = Debug|Any CPU
		{6F4F92DC-6DD3-453E-8067-3384EC67D939}.Debug|Any CPU.Build.0 = Debug|Any CPU
		{6F4F92DC-6DD3-453E-8067-3384EC67D939}.Release|Any CPU.ActiveCfg = Release|Any CPU
		{6F4F92DC-6DD3-453E-8067-3384EC67D939}.Release|Any CPU.Build.0 = Release|Any CPU
	EndGlobalSection
	GlobalSection(SolutionProperties) = preSolution
		HideSolutionNode = FALSE
	EndGlobalSection
	GlobalSection(ExtensibilityGlobals) = postSolution
		SolutionGuid = {7E8747B0-0182-4606-97DE-887574EFC1E7}
	EndGlobalSection
EndGlobal
