
Microsoft Visual Studio Solution File, Format Version 12.00
# Visual Studio Version 17
VisualStudioVersion = 17.3.32804.467
MinimumVisualStudioVersion = 10.0.40219.1
Project("{FAE04EC0-301F-11D3-BF4B-00C04F79EFBC}") = "UserRahitechB62", "UserRahitechB62\UserRahitechB62.csproj", "{4096A839-6599-4D6B-A1BA-E716AE14CD9D}"
EndProject
Global
	GlobalSection(SolutionConfigurationPlatforms) = preSolution
		Debug|Any CPU = Debug|Any CPU
		Release|Any CPU = Release|Any CPU
	EndGlobalSection
	GlobalSection(ProjectConfigurationPlatforms) = postSolution
		{4096A839-6599-4D6B-A1BA-E716AE14CD9D}.Debug|Any CPU.ActiveCfg = Debug|Any CPU
		{4096A839-6599-4D6B-A1BA-E716AE14CD9D}.Debug|Any CPU.Build.0 = Debug|Any CPU
		{4096A839-6599-4D6B-A1BA-E716AE14CD9D}.Release|Any CPU.ActiveCfg = Release|Any CPU
		{4096A839-6599-4D6B-A1BA-E716AE14CD9D}.Release|Any CPU.Build.0 = Release|Any CPU
	EndGlobalSection
	GlobalSection(SolutionProperties) = preSolution
		HideSolutionNode = FALSE
	EndGlobalSection
	GlobalSection(ExtensibilityGlobals) = postSolution
		SolutionGuid = {3EAA6956-B174-4AA6-BE49-E1C4B201D179}
	EndGlobalSection
EndGlobal
