
Microsoft Visual Studio Solution File, Format Version 12.00
# Visual Studio Version 17
VisualStudioVersion = 17.3.32804.467
MinimumVisualStudioVersion = 10.0.40219.1
Project("{FAE04EC0-301F-11D3-BF4B-00C04F79EFBC}") = "UserChothe1999", "UserChothe1999\UserChothe1999.csproj", "{1EC34B16-E26D-4ECB-B729-BBEF6EA0EABB}"
EndProject
Global
	GlobalSection(SolutionConfigurationPlatforms) = preSolution
		Debug|Any CPU = Debug|Any CPU
		Release|Any CPU = Release|Any CPU
	EndGlobalSection
	GlobalSection(ProjectConfigurationPlatforms) = postSolution
		{1EC34B16-E26D-4ECB-B729-BBEF6EA0EABB}.Debug|Any CPU.ActiveCfg = Debug|Any CPU
		{1EC34B16-E26D-4ECB-B729-BBEF6EA0EABB}.Debug|Any CPU.Build.0 = Debug|Any CPU
		{1EC34B16-E26D-4ECB-B729-BBEF6EA0EABB}.Release|Any CPU.ActiveCfg = Release|Any CPU
		{1EC34B16-E26D-4ECB-B729-BBEF6EA0EABB}.Release|Any CPU.Build.0 = Release|Any CPU
	EndGlobalSection
	GlobalSection(SolutionProperties) = preSolution
		HideSolutionNode = FALSE
	EndGlobalSection
	GlobalSection(ExtensibilityGlobals) = postSolution
		SolutionGuid = {A97FFDDC-AC79-4EC9-8EF5-681AC9ACC24A}
	EndGlobalSection
EndGlobal
