
Microsoft Visual Studio Solution File, Format Version 12.00
# Visual Studio Version 17
VisualStudioVersion = 17.3.32804.467
MinimumVisualStudioVersion = 10.0.40219.1
Project("{FAE04EC0-301F-11D3-BF4B-00C04F79EFBC}") = "WindowsFormsApp1", "WindowsFormsApp1\WindowsFormsApp1.csproj", "{3BB064B6-CA5B-403F-A485-C532819DD268}"
EndProject
Global
	GlobalSection(SolutionConfigurationPlatforms) = preSolution
		Debug|Any CPU = Debug|Any CPU
		Release|Any CPU = Release|Any CPU
	EndGlobalSection
	GlobalSection(ProjectConfigurationPlatforms) = postSolution
		{3BB064B6-CA5B-403F-A485-C532819DD268}.Debug|Any CPU.ActiveCfg = Debug|Any CPU
		{3BB064B6-CA5B-403F-A485-C532819DD268}.Debug|Any CPU.Build.0 = Debug|Any CPU
		{3BB064B6-CA5B-403F-A485-C532819DD268}.Release|Any CPU.ActiveCfg = Release|Any CPU
		{3BB064B6-CA5B-403F-A485-C532819DD268}.Release|Any CPU.Build.0 = Release|Any CPU
	EndGlobalSection
	GlobalSection(SolutionProperties) = preSolution
		HideSolutionNode = FALSE
	EndGlobalSection
	GlobalSection(ExtensibilityGlobals) = postSolution
		SolutionGuid = {7785A17D-C3B5-4523-993C-DF05A26F316B}
	EndGlobalSection
EndGlobal
