
Microsoft Visual Studio Solution File, Format Version 12.00
# Visual Studio Version 17
VisualStudioVersion = 17.3.32804.467
MinimumVisualStudioVersion = 10.0.40219.1
Project("{FAE04EC0-301F-11D3-BF4B-00C04F79EFBC}") = "UserManegment", "UserManegment\UserManegment.csproj", "{BDD7096E-A7F4-4FE3-92F6-59E93A2B918E}"
EndProject
Global
	GlobalSection(SolutionConfigurationPlatforms) = preSolution
		Debug|Any CPU = Debug|Any CPU
		Release|Any CPU = Release|Any CPU
	EndGlobalSection
	GlobalSection(ProjectConfigurationPlatforms) = postSolution
		{BDD7096E-A7F4-4FE3-92F6-59E93A2B918E}.Debug|Any CPU.ActiveCfg = Debug|Any CPU
		{BDD7096E-A7F4-4FE3-92F6-59E93A2B918E}.Debug|Any CPU.Build.0 = Debug|Any CPU
		{BDD7096E-A7F4-4FE3-92F6-59E93A2B918E}.Release|Any CPU.ActiveCfg = Release|Any CPU
		{BDD7096E-A7F4-4FE3-92F6-59E93A2B918E}.Release|Any CPU.Build.0 = Release|Any CPU
	EndGlobalSection
	GlobalSection(SolutionProperties) = preSolution
		HideSolutionNode = FALSE
	EndGlobalSection
	GlobalSection(ExtensibilityGlobals) = postSolution
		SolutionGuid = {BEB5FE6A-38A9-42BE-850F-2BE4380D3A9B}
	EndGlobalSection
EndGlobal
