
Microsoft Visual Studio Solution File, Format Version 12.00
# Visual Studio Version 17
VisualStudioVersion = 17.3.32819.101
MinimumVisualStudioVersion = 10.0.40219.1
Project("{FAE04EC0-301F-11D3-BF4B-00C04F79EFBC}") = "PsyTestManagement", "PsyTestManagement\PsyTestManagement.csproj", "{202E18EA-6844-40AF-A96E-EECC572C4BF7}"
EndProject
Project("{FAE04EC0-301F-11D3-BF4B-00C04F79EFBC}") = "TestManagement", "TestManagement\TestManagement.csproj", "{012871E7-E7E8-4B2A-AF45-A9730285C1CE}"
EndProject
Global
	GlobalSection(SolutionConfigurationPlatforms) = preSolution
		Debug|Any CPU = Debug|Any CPU
		Release|Any CPU = Release|Any CPU
	EndGlobalSection
	GlobalSection(ProjectConfigurationPlatforms) = postSolution
		{202E18EA-6844-40AF-A96E-EECC572C4BF7}.Debug|Any CPU.ActiveCfg = Debug|Any CPU
		{202E18EA-6844-40AF-A96E-EECC572C4BF7}.Debug|Any CPU.Build.0 = Debug|Any CPU
		{202E18EA-6844-40AF-A96E-EECC572C4BF7}.Release|Any CPU.ActiveCfg = Release|Any CPU
		{202E18EA-6844-40AF-A96E-EECC572C4BF7}.Release|Any CPU.Build.0 = Release|Any CPU
		{012871E7-E7E8-4B2A-AF45-A9730285C1CE}.Debug|Any CPU.ActiveCfg = Debug|Any CPU
		{012871E7-E7E8-4B2A-AF45-A9730285C1CE}.Debug|Any CPU.Build.0 = Debug|Any CPU
		{012871E7-E7E8-4B2A-AF45-A9730285C1CE}.Release|Any CPU.ActiveCfg = Release|Any CPU
		{012871E7-E7E8-4B2A-AF45-A9730285C1CE}.Release|Any CPU.Build.0 = Release|Any CPU
	EndGlobalSection
	GlobalSection(SolutionProperties) = preSolution
		HideSolutionNode = FALSE
	EndGlobalSection
	GlobalSection(ExtensibilityGlobals) = postSolution
		SolutionGuid = {C519AC77-831C-499A-8E66-11391121DE2E}
	EndGlobalSection
EndGlobal
